
Microsoft Visual Studio Solution File, Format Version 12.00
# Visual Studio Version 16
VisualStudioVersion = 16.0.29319.158
MinimumVisualStudioVersion = 10.0.40219.1
Project("{9A19103F-16F7-4668-BE54-9A1E7A4F7556}") = "Desktop", "Desktop\Desktop.csproj", "{5B4F3FC2-ABF1-4A44-A081-8101A374FF17}"
EndProject
Project("{9A19103F-16F7-4668-BE54-9A1E7A4F7556}") = "Engine", "..\Engine\Engine\Engine.csproj", "{82613CFC-8B44-43FF-B64E-D901B476CD39}"
EndProject
Project("{9A19103F-16F7-4668-BE54-9A1E7A4F7556}") = "Commons.Music.Midi.DotNetCore", "..\managed-midi\Commons.Music.Midi.DotNetCore\Commons.Music.Midi.DotNetCore.csproj", "{B5489065-2E07-4B95-AF2C-67D49473A53C}"
EndProject
Project("{9A19103F-16F7-4668-BE54-9A1E7A4F7556}") = "alsa-sharp", "..\managed-midi\external\alsa-sharp\dotnetcore\alsa-sharp\alsa-sharp.csproj", "{FD398DC4-259F-4B36-908A-0E8558F9C99E}"
EndProject
Global
	GlobalSection(SolutionConfigurationPlatforms) = preSolution
		Debug|Any CPU = Debug|Any CPU
		Release|Any CPU = Release|Any CPU
	EndGlobalSection
	GlobalSection(ProjectConfigurationPlatforms) = postSolution
		{5B4F3FC2-ABF1-4A44-A081-8101A374FF17}.Debug|Any CPU.ActiveCfg = Debug|Any CPU
		{5B4F3FC2-ABF1-4A44-A081-8101A374FF17}.Debug|Any CPU.Build.0 = Debug|Any CPU
		{5B4F3FC2-ABF1-4A44-A081-8101A374FF17}.Release|Any CPU.ActiveCfg = Release|Any CPU
		{5B4F3FC2-ABF1-4A44-A081-8101A374FF17}.Release|Any CPU.Build.0 = Release|Any CPU
		{82613CFC-8B44-43FF-B64E-D901B476CD39}.Debug|Any CPU.ActiveCfg = Debug|Any CPU
		{82613CFC-8B44-43FF-B64E-D901B476CD39}.Debug|Any CPU.Build.0 = Debug|Any CPU
		{82613CFC-8B44-43FF-B64E-D901B476CD39}.Release|Any CPU.ActiveCfg = Release|Any CPU
		{82613CFC-8B44-43FF-B64E-D901B476CD39}.Release|Any CPU.Build.0 = Release|Any CPU
		{B5489065-2E07-4B95-AF2C-67D49473A53C}.Debug|Any CPU.ActiveCfg = Debug|Any CPU
		{B5489065-2E07-4B95-AF2C-67D49473A53C}.Debug|Any CPU.Build.0 = Debug|Any CPU
		{B5489065-2E07-4B95-AF2C-67D49473A53C}.Release|Any CPU.ActiveCfg = Release|Any CPU
		{B5489065-2E07-4B95-AF2C-67D49473A53C}.Release|Any CPU.Build.0 = Release|Any CPU
		{FD398DC4-259F-4B36-908A-0E8558F9C99E}.Debug|Any CPU.ActiveCfg = Debug|Any CPU
		{FD398DC4-259F-4B36-908A-0E8558F9C99E}.Debug|Any CPU.Build.0 = Debug|Any CPU
		{FD398DC4-259F-4B36-908A-0E8558F9C99E}.Release|Any CPU.ActiveCfg = Release|Any CPU
		{FD398DC4-259F-4B36-908A-0E8558F9C99E}.Release|Any CPU.Build.0 = Release|Any CPU
	EndGlobalSection
	GlobalSection(SolutionProperties) = preSolution
		HideSolutionNode = FALSE
	EndGlobalSection
	GlobalSection(ExtensibilityGlobals) = postSolution
		SolutionGuid = {E6A64610-DADC-46D1-8919-B60AD0EB77D2}
	EndGlobalSection
EndGlobal
