
Microsoft Visual Studio Solution File, Format Version 12.00
# Visual Studio Version 16
VisualStudioVersion = 16.0.29319.158
MinimumVisualStudioVersion = 10.0.40219.1
Project("{9A19103F-16F7-4668-BE54-9A1E7A4F7556}") = "Desktop", "Desktop\Desktop.csproj", "{5B4F3FC2-ABF1-4A44-A081-8101A374FF17}"
EndProject
Project("{9A19103F-16F7-4668-BE54-9A1E7A4F7556}") = "Engine", "..\Engine\Engine\Engine.csproj", "{99C2D5C7-7788-48BF-B75D-5DDE9A39B7EA}"
EndProject
Project("{9A19103F-16F7-4668-BE54-9A1E7A4F7556}") = "alsa-sharp", "..\managed-midi\external\alsa-sharp\dotnetcore\alsa-sharp\alsa-sharp.csproj", "{1B35B8B8-3944-4BCF-9BA0-33F6B66C5E5C}"
EndProject
Project("{9A19103F-16F7-4668-BE54-9A1E7A4F7556}") = "Commons.Music.Midi.DotNetCore", "..\managed-midi\Commons.Music.Midi.DotNetCore\Commons.Music.Midi.DotNetCore.csproj", "{831B6DD0-4642-4FEB-A715-B4AF16740666}"
EndProject
Project("{9A19103F-16F7-4668-BE54-9A1E7A4F7556}") = "Commons.Music.Midi", "..\managed-midi\Commons.Music.Midi\Commons.Music.Midi.csproj", "{D715D6DA-C9FE-4024-865E-F04A64B9984B}"
EndProject
Global
	GlobalSection(SolutionConfigurationPlatforms) = preSolution
		Debug|Any CPU = Debug|Any CPU
		Release|Any CPU = Release|Any CPU
	EndGlobalSection
	GlobalSection(ProjectConfigurationPlatforms) = postSolution
		{5B4F3FC2-ABF1-4A44-A081-8101A374FF17}.Debug|Any CPU.ActiveCfg = Debug|Any CPU
		{5B4F3FC2-ABF1-4A44-A081-8101A374FF17}.Debug|Any CPU.Build.0 = Debug|Any CPU
		{5B4F3FC2-ABF1-4A44-A081-8101A374FF17}.Release|Any CPU.ActiveCfg = Release|Any CPU
		{5B4F3FC2-ABF1-4A44-A081-8101A374FF17}.Release|Any CPU.Build.0 = Release|Any CPU
		{99C2D5C7-7788-48BF-B75D-5DDE9A39B7EA}.Debug|Any CPU.ActiveCfg = Debug|Any CPU
		{99C2D5C7-7788-48BF-B75D-5DDE9A39B7EA}.Debug|Any CPU.Build.0 = Debug|Any CPU
		{99C2D5C7-7788-48BF-B75D-5DDE9A39B7EA}.Release|Any CPU.ActiveCfg = Release|Any CPU
		{99C2D5C7-7788-48BF-B75D-5DDE9A39B7EA}.Release|Any CPU.Build.0 = Release|Any CPU
		{1B35B8B8-3944-4BCF-9BA0-33F6B66C5E5C}.Debug|Any CPU.ActiveCfg = Debug|Any CPU
		{1B35B8B8-3944-4BCF-9BA0-33F6B66C5E5C}.Debug|Any CPU.Build.0 = Debug|Any CPU
		{1B35B8B8-3944-4BCF-9BA0-33F6B66C5E5C}.Release|Any CPU.ActiveCfg = Release|Any CPU
		{1B35B8B8-3944-4BCF-9BA0-33F6B66C5E5C}.Release|Any CPU.Build.0 = Release|Any CPU
		{831B6DD0-4642-4FEB-A715-B4AF16740666}.Debug|Any CPU.ActiveCfg = Debug|Any CPU
		{831B6DD0-4642-4FEB-A715-B4AF16740666}.Debug|Any CPU.Build.0 = Debug|Any CPU
		{831B6DD0-4642-4FEB-A715-B4AF16740666}.Release|Any CPU.ActiveCfg = Release|Any CPU
		{831B6DD0-4642-4FEB-A715-B4AF16740666}.Release|Any CPU.Build.0 = Release|Any CPU
		{D715D6DA-C9FE-4024-865E-F04A64B9984B}.Debug|Any CPU.ActiveCfg = Debug|Any CPU
		{D715D6DA-C9FE-4024-865E-F04A64B9984B}.Debug|Any CPU.Build.0 = Debug|Any CPU
		{D715D6DA-C9FE-4024-865E-F04A64B9984B}.Release|Any CPU.ActiveCfg = Release|Any CPU
		{D715D6DA-C9FE-4024-865E-F04A64B9984B}.Release|Any CPU.Build.0 = Release|Any CPU
	EndGlobalSection
	GlobalSection(SolutionProperties) = preSolution
		HideSolutionNode = FALSE
	EndGlobalSection
	GlobalSection(ExtensibilityGlobals) = postSolution
		SolutionGuid = {E6A64610-DADC-46D1-8919-B60AD0EB77D2}
	EndGlobalSection
EndGlobal
